
Microsoft Visual Studio Solution File, Format Version 12.00
# Visual Studio 2012
Project("{FAE04EC0-301F-11D3-BF4B-00C04F79EFBC}") = "PdfTextWriterAdapter", "PdfTextWriterAdapter\PdfTextWriterAdapter.csproj", "{C8A2E112-9014-444B-8524-247F5D739B50}"
EndProject
Project("{FAE04EC0-301F-11D3-BF4B-00C04F79EFBC}") = "PdfTextWriterAdapter_IntegrationTests", "PdfTextWriterAdapter_IntegrationTests\PdfTextWriterAdapter_IntegrationTests.csproj", "{BAC7CC39-7D22-4377-A08D-723211E7C668}"
EndProject
Global
	GlobalSection(SolutionConfigurationPlatforms) = preSolution
		Debug|Any CPU = Debug|Any CPU
		Release|Any CPU = Release|Any CPU
	EndGlobalSection
	GlobalSection(ProjectConfigurationPlatforms) = postSolution
		{C8A2E112-9014-444B-8524-247F5D739B50}.Debug|Any CPU.ActiveCfg = Debug|Any CPU
		{C8A2E112-9014-444B-8524-247F5D739B50}.Debug|Any CPU.Build.0 = Debug|Any CPU
		{C8A2E112-9014-444B-8524-247F5D739B50}.Release|Any CPU.ActiveCfg = Release|Any CPU
		{C8A2E112-9014-444B-8524-247F5D739B50}.Release|Any CPU.Build.0 = Release|Any CPU
		{BAC7CC39-7D22-4377-A08D-723211E7C668}.Debug|Any CPU.ActiveCfg = Debug|Any CPU
		{BAC7CC39-7D22-4377-A08D-723211E7C668}.Debug|Any CPU.Build.0 = Debug|Any CPU
		{BAC7CC39-7D22-4377-A08D-723211E7C668}.Release|Any CPU.ActiveCfg = Release|Any CPU
		{BAC7CC39-7D22-4377-A08D-723211E7C668}.Release|Any CPU.Build.0 = Release|Any CPU
	EndGlobalSection
	GlobalSection(SolutionProperties) = preSolution
		HideSolutionNode = FALSE
	EndGlobalSection
EndGlobal
